PODS:
  - AMap3DMap (5.7.0):
    - AMapFoundation (~> 1.4)
  - AMapFoundation (1.5.4)
  - AMapLocation (2.6.0):
    - AMapFoundation (~> 1.4)
  - AMapSearch (5.7.0):
    - AMapFoundation (~> 1.4)
  - react-native-amap-kit (2.0.0):
    - AMap3DMap (= 5.7.0)
    - AMapLocation (= 2.6.0)
    - AMapSearch (= 5.7.0)
  - React/Core (0.57.8):
    - yoga (= 0.57.8.React)
  - React/DevSupport (0.57.8):
    - React/Core
    - React/RCTWebSocket
  - React/fishhook (0.57.8)
  - React/RCTBlob (0.57.8):
    - React/Core
  - React/RCTImage (0.57.8):
    - React/Core
    - React/RCTNetwork
  - React/RCTNetwork (0.57.8):
    - React/Core
  - React/RCTWebSocket (0.57.8):
    - React/Core
    - React/fishhook
    - React/RCTBlob
  - yoga (0.57.8.React)

DEPENDENCIES:
  - react-native-amap-kit (from `../node_modules/react-native-amap-kit/ios`)
  - React/Core (from `../node_modules/react-native`)
  - React/DevSupport (from `../node_modules/react-native`)
  - React/RCTImage (from `../node_modules/react-native`)
  - yoga (from `../node_modules/react-native/ReactCommon/yoga`)

SPEC REPOS:
  https://github.com/cocoapods/specs.git:
    - AMap3DMap
    - AMapFoundation
    - AMapLocation
    - AMapSearch

EXTERNAL SOURCES:
  React:
    :path: "../node_modules/react-native"
  react-native-amap-kit:
    :path: "../node_modules/react-native-amap-kit/ios"
  yoga:
    :path: "../node_modules/react-native/ReactCommon/yoga"

SPEC CHECKSUMS:
  AMap3DMap: 97afc57b88628237d916991ac31795eb7bde3f63
  AMapFoundation: bff8688722e886feda4edd77f1443746ddd7e2e2
  AMapLocation: 55116a2c8956eab7550cbb56e989aa5cdcc424e3
  AMapSearch: 314f75e9ce282b53dbf66455efa416c39f12b5b1
  React: 1fe0eb13d90b625d94c3b117c274dcfd2e760e11
  react-native-amap-kit: 20541bcbaddeb80480efe556283eda2a984ab6ac
  yoga: b1ce48b6cf950b98deae82838f5173ea7cf89e85

PODFILE CHECKSUM: 69781b303edb1af611f116dfdbea4cccb9c73a02

COCOAPODS: 1.5.2
